{
  "name": "lucide.blazor",
  "lockfileVersion": 3,
  "requires": true,
  "packages": {
    "": {
      "dependencies": {
        "lucide-static": "0.501.0"
      }
    },
    "node_modules/lucide-static": {
      "version": "0.501.0",
      "resolved": "https://registry.npmjs.org/lucide-static/-/lucide-static-0.501.0.tgz",
      "integrity": "sha512-iwOoSXoxTZHfipTgzsHXIA+8ycRCBMFtjPkI7CMLkoyJprPskIJFOPRlLc5xFSNx+APlftWEkuUMaULKHSfAjQ==",
      "license": "ISC"
    }
  }
}
