{
  "name": "lucide.blazor",
  "lockfileVersion": 3,
  "requires": true,
  "packages": {
    "": {
      "dependencies": {
        "lucide-static": "0.483.0"
      }
    },
    "node_modules/lucide-static": {
      "version": "0.483.0",
      "resolved": "https://registry.npmjs.org/lucide-static/-/lucide-static-0.483.0.tgz",
      "integrity": "sha512-5gjqr5N+95YHPz6qTUbfLX3DJqE8y5esr9o+zumeus8SiJBSPYg5vpuIJ9iGyfKajC/3fLlA4XtkRRlR1bc3eQ==",
      "license": "ISC"
    }
  }
}
