{
  "name": "lucide.blazor",
  "lockfileVersion": 3,
  "requires": true,
  "packages": {
    "": {
      "dependencies": {
        "lucide-static": "0.509.0"
      }
    },
    "node_modules/lucide-static": {
      "version": "0.509.0",
      "resolved": "https://registry.npmjs.org/lucide-static/-/lucide-static-0.509.0.tgz",
      "integrity": "sha512-v/Y3bDicGSI4ZGCm0euQgVWKp9ICztKXJ0V54g1TFjRgD9jcZWzUvPOPheDitkgL3XX6Ffla2K4F6wtP/Gq7GQ==",
      "license": "ISC"
    }
  }
}
